
Microsoft Visual Studio Solution File, Format Version 12.00
# Visual Studio 15
VisualStudioVersion = 15.0.28010.2036
MinimumVisualStudioVersion = 10.0.40219.1
Project("{FAE04EC0-301F-11D3-BF4B-00C04F79EFBC}") = "Experiment", "Experiment\Experiment.csproj", "{2F5815C7-BA46-44A5-9A0C-11FB74086D7F}"
EndProject
Global
	GlobalSection(SolutionConfigurationPlatforms) = preSolution
		Debug|Any CPU = Debug|Any CPU
		Release|Any CPU = Release|Any CPU
	EndGlobalSection
	GlobalSection(ProjectConfigurationPlatforms) = postSolution
		{2F5815C7-BA46-44A5-9A0C-11FB74086D7F}.Debug|Any CPU.ActiveCfg = Debug|Any CPU
		{2F5815C7-BA46-44A5-9A0C-11FB74086D7F}.Debug|Any CPU.Build.0 = Debug|Any CPU
		{2F5815C7-BA46-44A5-9A0C-11FB74086D7F}.Release|Any CPU.ActiveCfg = Release|Any CPU
		{2F5815C7-BA46-44A5-9A0C-11FB74086D7F}.Release|Any CPU.Build.0 = Release|Any CPU
	EndGlobalSection
	GlobalSection(SolutionProperties) = preSolution
		HideSolutionNode = FALSE
	EndGlobalSection
	GlobalSection(ExtensibilityGlobals) = postSolution
		SolutionGuid = {96B517AC-F693-417E-8B60-91268CA07364}
	EndGlobalSection
EndGlobal
